
Microsoft Visual Studio Solution File, Format Version 12.00
# Visual Studio Version 17
VisualStudioVersion = 17.0.32112.339
MinimumVisualStudioVersion = 10.0.40219.1
Project("{9A19103F-16F7-4668-BE54-9A1E7A4F7556}") = "CrusadexGenerator", ".\CrusadexGenerator\CrusadexGenerator.csproj", "{44C46166-E444-4023-B006-3F829016EEAA}"
EndProject
Project("{9A19103F-16F7-4668-BE54-9A1E7A4F7556}") = "CrusadexGenerator.Test", ".\CrusadexGenerator.Test\CrusadexGenerator.Test.csproj", "{326A895A-CF5D-4BFE-9FB0-631A066D07B9}"
EndProject
Project("{2150E333-8FDC-42A3-9474-1A3956D46DE8}") = "Solution Items", "Solution Items", "{A67B634F-F8A6-42C0-8197-714E6C31D060}"
	ProjectSection(SolutionItems) = preProject
		.editorconfig = .editorconfig
	EndProjectSection
EndProject
Global
	GlobalSection(SolutionConfigurationPlatforms) = preSolution
		Debug|Any CPU = Debug|Any CPU
		Release|Any CPU = Release|Any CPU
	EndGlobalSection
	GlobalSection(ProjectConfigurationPlatforms) = postSolution
		{44C46166-E444-4023-B006-3F829016EEAA}.Debug|Any CPU.ActiveCfg = Debug|Any CPU
		{44C46166-E444-4023-B006-3F829016EEAA}.Debug|Any CPU.Build.0 = Debug|Any CPU
		{44C46166-E444-4023-B006-3F829016EEAA}.Release|Any CPU.ActiveCfg = Release|Any CPU
		{44C46166-E444-4023-B006-3F829016EEAA}.Release|Any CPU.Build.0 = Release|Any CPU
		{326A895A-CF5D-4BFE-9FB0-631A066D07B9}.Debug|Any CPU.ActiveCfg = Debug|Any CPU
		{326A895A-CF5D-4BFE-9FB0-631A066D07B9}.Debug|Any CPU.Build.0 = Debug|Any CPU
		{326A895A-CF5D-4BFE-9FB0-631A066D07B9}.Release|Any CPU.ActiveCfg = Release|Any CPU
		{326A895A-CF5D-4BFE-9FB0-631A066D07B9}.Release|Any CPU.Build.0 = Release|Any CPU
	EndGlobalSection
	GlobalSection(SolutionProperties) = preSolution
		HideSolutionNode = FALSE
	EndGlobalSection
	GlobalSection(ExtensibilityGlobals) = postSolution
		SolutionGuid = {528EFB36-7261-4940-8BE0-80A53F7A1C77}
	EndGlobalSection
EndGlobal
